
Microsoft Visual Studio Solution File, Format Version 12.00
# Visual Studio 15
VisualStudioVersion = 15.0.28010.2036
MinimumVisualStudioVersion = 10.0.40219.1
Project("{FAE04EC0-301F-11D3-BF4B-00C04F79EFBC}") = "ClassLibrary", "ClassLibrary\ClassLibrary.csproj", "{598862E9-ACD4-40E9-9FC2-684D236DE4C9}"
EndProject
Project("{9A19103F-16F7-4668-BE54-9A1E7A4F7556}") = "WebApplication", "WebApplication\WebApplication.csproj", "{08DF2AD3-6E64-435B-8513-1E041225856D}"
EndProject
Project("{FAE04EC0-301F-11D3-BF4B-00C04F79EFBC}") = "WebApplication1", "WebApplication1\WebApplication1.csproj", "{48529DE1-214D-4888-A97E-7E727C71911B}"
EndProject
Global
	GlobalSection(SolutionConfigurationPlatforms) = preSolution
		Debug|Any CPU = Debug|Any CPU
		Release|Any CPU = Release|Any CPU
	EndGlobalSection
	GlobalSection(ProjectConfigurationPlatforms) = postSolution
		{598862E9-ACD4-40E9-9FC2-684D236DE4C9}.Debug|Any CPU.ActiveCfg = Debug|Any CPU
		{598862E9-ACD4-40E9-9FC2-684D236DE4C9}.Debug|Any CPU.Build.0 = Debug|Any CPU
		{598862E9-ACD4-40E9-9FC2-684D236DE4C9}.Release|Any CPU.ActiveCfg = Release|Any CPU
		{598862E9-ACD4-40E9-9FC2-684D236DE4C9}.Release|Any CPU.Build.0 = Release|Any CPU
		{08DF2AD3-6E64-435B-8513-1E041225856D}.Debug|Any CPU.ActiveCfg = Debug|Any CPU
		{08DF2AD3-6E64-435B-8513-1E041225856D}.Debug|Any CPU.Build.0 = Debug|Any CPU
		{08DF2AD3-6E64-435B-8513-1E041225856D}.Release|Any CPU.ActiveCfg = Release|Any CPU
		{08DF2AD3-6E64-435B-8513-1E041225856D}.Release|Any CPU.Build.0 = Release|Any CPU
		{48529DE1-214D-4888-A97E-7E727C71911B}.Debug|Any CPU.ActiveCfg = Debug|Any CPU
		{48529DE1-214D-4888-A97E-7E727C71911B}.Debug|Any CPU.Build.0 = Debug|Any CPU
		{48529DE1-214D-4888-A97E-7E727C71911B}.Release|Any CPU.ActiveCfg = Release|Any CPU
		{48529DE1-214D-4888-A97E-7E727C71911B}.Release|Any CPU.Build.0 = Release|Any CPU
	EndGlobalSection
	GlobalSection(SolutionProperties) = preSolution
		HideSolutionNode = FALSE
	EndGlobalSection
	GlobalSection(ExtensibilityGlobals) = postSolution
		SolutionGuid = {E6C3AE32-1D5B-4E7E-8A09-ED187D572281}
	EndGlobalSection
EndGlobal
